{
  "requires": true,
  "lockfileVersion": 1,
  "dependencies": {
    "bootstrap": {
      "version": "4.6.0",
      "resolved": "https://registry.npmjs.org/bootstrap/-/bootstrap-4.6.0.tgz",
      "integrity": "sha512-Io55IuQY3kydzHtbGvQya3H+KorS/M9rSNyfCGCg9WZ4pyT/lCxIlpJgG1GXW/PswzC84Tr2fBYi+7+jFVQQBw=="
    },
    "elements.dom": {
      "version": "1.1.1",
      "resolved": "https://registry.npmjs.org/elements.dom/-/elements.dom-1.1.1.tgz",
      "integrity": "sha512-cr823UlasbdypJVbw/GsQgOcrRH+4UvxlOT4ZnXBEvrzlOkBeqlX3M67zsNMgJ+s5Q8F3XCk0ta0po9lugfZCA=="
    },
    "pultzlucas-wf": {
      "version": "1.0.7",
      "resolved": "https://registry.npmjs.org/pultzlucas-wf/-/pultzlucas-wf-1.0.7.tgz",
      "integrity": "sha512-batS5sM8OPakfhxZBtRAWadRoxRylvH5b7Ydg8y10DD3WwtIUcSt7v4xa1Z5fbvqquW42cQF5J9U38l4pgOJZQ=="
    }
  }
}
